
Microsoft Visual Studio Solution File, Format Version 12.00
# Visual Studio Version 16
VisualStudioVersion = 16.0.31424.327
MinimumVisualStudioVersion = 10.0.40219.1
Project("{9A19103F-16F7-4668-BE54-9A1E7A4F7556}") = "Documentation", "Documentation.csproj", "{DEE20068-C38C-4E23-A141-CBB1C7561999}"
EndProject
Project("{9A19103F-16F7-4668-BE54-9A1E7A4F7556}") = "DocumentationModels", "..\DocumentationModels\DocumentationModels.csproj", "{D9FBB63F-4F30-4CBD-B75E-83FA55CF3040}"
EndProject
Project("{2150E333-8FDC-42A3-9474-1A3956D46DE8}") = "Items", "Items", "{3762ED13-957E-436D-B0B9-BDBDB6FD7F01}"
	ProjectSection(SolutionItems) = preProject
		.gitignore = .gitignore
	EndProjectSection
EndProject
Global
	GlobalSection(SolutionConfigurationPlatforms) = preSolution
		Debug|Any CPU = Debug|Any CPU
		Release|Any CPU = Release|Any CPU
	EndGlobalSection
	GlobalSection(ProjectConfigurationPlatforms) = postSolution
		{DEE20068-C38C-4E23-A141-CBB1C7561999}.Debug|Any CPU.ActiveCfg = Debug|Any CPU
		{DEE20068-C38C-4E23-A141-CBB1C7561999}.Debug|Any CPU.Build.0 = Debug|Any CPU
		{DEE20068-C38C-4E23-A141-CBB1C7561999}.Release|Any CPU.ActiveCfg = Release|Any CPU
		{DEE20068-C38C-4E23-A141-CBB1C7561999}.Release|Any CPU.Build.0 = Release|Any CPU
		{D9FBB63F-4F30-4CBD-B75E-83FA55CF3040}.Debug|Any CPU.ActiveCfg = Debug|Any CPU
		{D9FBB63F-4F30-4CBD-B75E-83FA55CF3040}.Debug|Any CPU.Build.0 = Debug|Any CPU
		{D9FBB63F-4F30-4CBD-B75E-83FA55CF3040}.Release|Any CPU.ActiveCfg = Release|Any CPU
		{D9FBB63F-4F30-4CBD-B75E-83FA55CF3040}.Release|Any CPU.Build.0 = Release|Any CPU
	EndGlobalSection
	GlobalSection(SolutionProperties) = preSolution
		HideSolutionNode = FALSE
	EndGlobalSection
	GlobalSection(ExtensibilityGlobals) = postSolution
		SolutionGuid = {053389B9-7ABB-4A30-8200-7D5521C12565}
	EndGlobalSection
EndGlobal
